
Microsoft Visual Studio Solution File, Format Version 12.00
# Visual Studio Version 17
VisualStudioVersion = 17.2.32602.215
MinimumVisualStudioVersion = 10.0.40219.1
Project("{FAE04EC0-301F-11D3-BF4B-00C04F79EFBC}") = "ConsoleApp1", "ConsoleApp1\ConsoleApp1.csproj", "{40FC76E8-9F77-484D-9A08-CD7135A5A1CE}"
EndProject
Global
	GlobalSection(SolutionConfigurationPlatforms) = preSolution
		Debug|Any CPU = Debug|Any CPU
		Release|Any CPU = Release|Any CPU
	EndGlobalSection
	GlobalSection(ProjectConfigurationPlatforms) = postSolution
		{40FC76E8-9F77-484D-9A08-CD7135A5A1CE}.Debug|Any CPU.ActiveCfg = Debug|Any CPU
		{40FC76E8-9F77-484D-9A08-CD7135A5A1CE}.Debug|Any CPU.Build.0 = Debug|Any CPU
		{40FC76E8-9F77-484D-9A08-CD7135A5A1CE}.Release|Any CPU.ActiveCfg = Release|Any CPU
		{40FC76E8-9F77-484D-9A08-CD7135A5A1CE}.Release|Any CPU.Build.0 = Release|Any CPU
	EndGlobalSection
	GlobalSection(SolutionProperties) = preSolution
		HideSolutionNode = FALSE
	EndGlobalSection
	GlobalSection(ExtensibilityGlobals) = postSolution
		SolutionGuid = {D39EC4A7-EC1E-4166-BE95-52FE6057BFF1}
	EndGlobalSection
EndGlobal
